// !$*UTF8*$!
{
	archiveVersion = 1;
	classes = {
	};
	objectVersion = 46;
	objects = {

/* Begin PBXBuildFile section */
		2717053317FBBC76003977A4 /* forward.c in Sources */ = {isa = PBXBuildFile; fileRef = 2717053117FBBC76003977A4 /* forward.c */; };
		2743853E17FB5F97008D9C2C /* scene.cpp in Sources */ = {isa = PBXBuildFile; fileRef = 2743853C17FB5F97008D9C2C /* scene.cpp */; };
		2743854117FB6071008D9C2C /* utility.c in Sources */ = {isa = PBXBuildFile; fileRef = 2743853F17FB6071008D9C2C /* utility.c */; };
		2782A00217FC7DD20032058F /* light_prepass.c in Sources */ = {isa = PBXBuildFile; fileRef = 2782A00017FC7DD20032058F /* light_prepass.c */; };
		2797218517FAA53B00EB40A8 /* Foundation.framework in Frameworks */ = {isa = PBXBuildFile; fileRef = 2797218417FAA53B00EB40A8 /* Foundation.framework */; };
		2797218717FAA53B00EB40A8 /* CoreGraphics.framework in Frameworks */ = {isa = PBXBuildFile; fileRef = 2797218617FAA53B00EB40A8 /* CoreGraphics.framework */; };
		2797218917FAA53B00EB40A8 /* UIKit.framework in Frameworks */ = {isa = PBXBuildFile; fileRef = 2797218817FAA53B00EB40A8 /* UIKit.framework */; };
		279721BF17FAA59D00EB40A8 /* InfoPlist.strings in Resources */ = {isa = PBXBuildFile; fileRef = 279721BB17FAA59D00EB40A8 /* InfoPlist.strings */; };
		279721C017FAA59D00EB40A8 /* main.m in Sources */ = {isa = PBXBuildFile; fileRef = 279721BD17FAA59D00EB40A8 /* main.m */; };
		279721C417FAA5AA00EB40A8 /* AppDelegate.m in Sources */ = {isa = PBXBuildFile; fileRef = 279721C217FAA5AA00EB40A8 /* AppDelegate.m */; };
		279721C517FAA5AA00EB40A8 /* Images.xcassets in Resources */ = {isa = PBXBuildFile; fileRef = 279721C317FAA5AA00EB40A8 /* Images.xcassets */; };
		279721C717FAA71000EB40A8 /* GLKit.framework in Frameworks */ = {isa = PBXBuildFile; fileRef = 279721C617FAA71000EB40A8 /* GLKit.framework */; };
		279721C917FAA71800EB40A8 /* OpenGLES.framework in Frameworks */ = {isa = PBXBuildFile; fileRef = 279721C817FAA71800EB40A8 /* OpenGLES.framework */; };
		279721CC17FAA79300EB40A8 /* OpenGLView.m in Sources */ = {isa = PBXBuildFile; fileRef = 279721CB17FAA79300EB40A8 /* OpenGLView.m */; };
		27A3FC6217FBF24D000DAC71 /* iPhone.storyboard in Resources */ = {isa = PBXBuildFile; fileRef = 27A3FC6117FBF24D000DAC71 /* iPhone.storyboard */; };
		27E51F9517FBB353002ECEFE /* texture.c in Sources */ = {isa = PBXBuildFile; fileRef = 27E51F9317FBB353002ECEFE /* texture.c */; };
		27FC1C0517FB498300D3C6B5 /* game.c in Sources */ = {isa = PBXBuildFile; fileRef = 27FC1BF517FB498300D3C6B5 /* game.c */; };
		27FC1C0617FB498300D3C6B5 /* system_ios.m in Sources */ = {isa = PBXBuildFile; fileRef = 27FC1BF917FB498300D3C6B5 /* system_ios.m */; };
		27FC1C0717FB498300D3C6B5 /* mesh.c in Sources */ = {isa = PBXBuildFile; fileRef = 27FC1BFA17FB498300D3C6B5 /* mesh.c */; };
		27FC1C0817FB498300D3C6B5 /* program.c in Sources */ = {isa = PBXBuildFile; fileRef = 27FC1BFC17FB498300D3C6B5 /* program.c */; };
		27FC1C0917FB498300D3C6B5 /* timer.c in Sources */ = {isa = PBXBuildFile; fileRef = 27FC1BFF17FB498300D3C6B5 /* timer.c */; };
		27FC1C0C17FB4A1600D3C6B5 /* graphics.c in Sources */ = {isa = PBXBuildFile; fileRef = 27FC1C0A17FB4A1600D3C6B5 /* graphics.c */; };
		27FC1C1017FB4D8A00D3C6B5 /* stb_image.c in Sources */ = {isa = PBXBuildFile; fileRef = 27FC1C0E17FB4D8A00D3C6B5 /* stb_image.c */; };
		27FC1C1217FB50F800D3C6B5 /* assets in Resources */ = {isa = PBXBuildFile; fileRef = 27FC1C1117FB50F800D3C6B5 /* assets */; };
/* End PBXBuildFile section */

/* Begin PBXFileReference section */
		2717053117FBBC76003977A4 /* forward.c */ = {isa = PBXFileReference; fileEncoding = 4; lastKnownFileType = sourcecode.c.c; path = forward.c; sourceTree = "<group>"; };
		2717053217FBBC76003977A4 /* forward.h */ = {isa = PBXFileReference; fileEncoding = 4; lastKnownFileType = sourcecode.c.h; path = forward.h; sourceTree = "<group>"; };
		2743853C17FB5F97008D9C2C /* scene.cpp */ = {isa = PBXFileReference; fileEncoding = 4; lastKnownFileType = sourcecode.cpp.cpp; path = scene.cpp; sourceTree = "<group>"; };
		2743853D17FB5F97008D9C2C /* scene.h */ = {isa = PBXFileReference; fileEncoding = 4; lastKnownFileType = sourcecode.c.h; path = scene.h; sourceTree = "<group>"; };
		2743853F17FB6071008D9C2C /* utility.c */ = {isa = PBXFileReference; fileEncoding = 4; lastKnownFileType = sourcecode.c.c; path = utility.c; sourceTree = "<group>"; };
		2743854017FB6071008D9C2C /* utility.h */ = {isa = PBXFileReference; fileEncoding = 4; lastKnownFileType = sourcecode.c.h; path = utility.h; sourceTree = "<group>"; };
		2782A00017FC7DD20032058F /* light_prepass.c */ = {isa = PBXFileReference; fileEncoding = 4; lastKnownFileType = sourcecode.c.c; path = light_prepass.c; sourceTree = "<group>"; };
		2782A00117FC7DD20032058F /* light_prepass.h */ = {isa = PBXFileReference; fileEncoding = 4; lastKnownFileType = sourcecode.c.h; path = light_prepass.h; sourceTree = "<group>"; };
		2797218117FAA53B00EB40A8 /* deferred_gles.app */ = {isa = PBXFileReference; explicitFileType = wrapper.application; includeInIndex = 0; path = deferred_gles.app; sourceTree = BUILT_PRODUCTS_DIR; };
		2797218417FAA53B00EB40A8 /* Foundation.framework */ = {isa = PBXFileReference; lastKnownFileType = wrapper.framework; name = Foundation.framework; path = System/Library/Frameworks/Foundation.framework; sourceTree = SDKROOT; };
		2797218617FAA53B00EB40A8 /* CoreGraphics.framework */ = {isa = PBXFileReference; lastKnownFileType = wrapper.framework; name = CoreGraphics.framework; path = System/Library/Frameworks/CoreGraphics.framework; sourceTree = SDKROOT; };
		2797218817FAA53B00EB40A8 /* UIKit.framework */ = {isa = PBXFileReference; lastKnownFileType = wrapper.framework; name = UIKit.framework; path = System/Library/Frameworks/UIKit.framework; sourceTree = SDKROOT; };
		2797219D17FAA53B00EB40A8 /* XCTest.framework */ = {isa = PBXFileReference; lastKnownFileType = wrapper.framework; name = XCTest.framework; path = Library/Frameworks/XCTest.framework; sourceTree = DEVELOPER_DIR; };
		279721B517FAA59D00EB40A8 /* deferred_gles-Info.plist */ = {isa = PBXFileReference; fileEncoding = 4; lastKnownFileType = text.plist.xml; path = "deferred_gles-Info.plist"; sourceTree = "<group>"; };
		279721BC17FAA59D00EB40A8 /* en */ = {isa = PBXFileReference; lastKnownFileType = text.plist.strings; name = en; path = InfoPlist.strings; sourceTree = "<group>"; };
		279721BD17FAA59D00EB40A8 /* main.m */ = {isa = PBXFileReference; fileEncoding = 4; lastKnownFileType = sourcecode.c.objc; path = main.m; sourceTree = "<group>"; };
		279721C117FAA5AA00EB40A8 /* AppDelegate.h */ = {isa = PBXFileReference; fileEncoding = 4; lastKnownFileType = sourcecode.c.h; path = AppDelegate.h; sourceTree = "<group>"; };
		279721C217FAA5AA00EB40A8 /* AppDelegate.m */ = {isa = PBXFileReference; fileEncoding = 4; lastKnownFileType = sourcecode.c.objc; path = AppDelegate.m; sourceTree = "<group>"; };
		279721C317FAA5AA00EB40A8 /* Images.xcassets */ = {isa = PBXFileReference; lastKnownFileType = folder.assetcatalog; path = Images.xcassets; sourceTree = "<group>"; };
		279721C617FAA71000EB40A8 /* GLKit.framework */ = {isa = PBXFileReference; lastKnownFileType = wrapper.framework; name = GLKit.framework; path = System/Library/Frameworks/GLKit.framework; sourceTree = SDKROOT; };
		279721C817FAA71800EB40A8 /* OpenGLES.framework */ = {isa = PBXFileReference; lastKnownFileType = wrapper.framework; name = OpenGLES.framework; path = System/Library/Frameworks/OpenGLES.framework; sourceTree = SDKROOT; };
		279721CA17FAA79300EB40A8 /* OpenGLView.h */ = {isa = PBXFileReference; fileEncoding = 4; lastKnownFileType = sourcecode.c.h; path = OpenGLView.h; sourceTree = "<group>"; };
		279721CB17FAA79300EB40A8 /* OpenGLView.m */ = {isa = PBXFileReference; fileEncoding = 4; lastKnownFileType = sourcecode.c.objc; path = OpenGLView.m; sourceTree = "<group>"; };
		27A3FC6117FBF24D000DAC71 /* iPhone.storyboard */ = {isa = PBXFileReference; fileEncoding = 4; lastKnownFileType = file.storyboard; path = iPhone.storyboard; sourceTree = "<group>"; };
		27E51F9317FBB353002ECEFE /* texture.c */ = {isa = PBXFileReference; fileEncoding = 4; lastKnownFileType = sourcecode.c.c; path = texture.c; sourceTree = "<group>"; };
		27E51F9417FBB353002ECEFE /* texture.h */ = {isa = PBXFileReference; fileEncoding = 4; lastKnownFileType = sourcecode.c.h; path = texture.h; sourceTree = "<group>"; };
		27FC1BF117FB498300D3C6B5 /* assert.h */ = {isa = PBXFileReference; fileEncoding = 4; lastKnownFileType = sourcecode.c.h; path = assert.h; sourceTree = "<group>"; };
		27FC1BF517FB498300D3C6B5 /* game.c */ = {isa = PBXFileReference; fileEncoding = 4; lastKnownFileType = sourcecode.c.c; path = game.c; sourceTree = "<group>"; };
		27FC1BF617FB498300D3C6B5 /* game.h */ = {isa = PBXFileReference; fileEncoding = 4; lastKnownFileType = sourcecode.c.h; path = game.h; sourceTree = "<group>"; };
		27FC1BF717FB498300D3C6B5 /* gl_include.h */ = {isa = PBXFileReference; fileEncoding = 4; lastKnownFileType = sourcecode.c.h; path = gl_include.h; sourceTree = "<group>"; };
		27FC1BF917FB498300D3C6B5 /* system_ios.m */ = {isa = PBXFileReference; fileEncoding = 4; lastKnownFileType = sourcecode.c.objc; path = system_ios.m; sourceTree = "<group>"; };
		27FC1BFA17FB498300D3C6B5 /* mesh.c */ = {isa = PBXFileReference; fileEncoding = 4; lastKnownFileType = sourcecode.c.c; path = mesh.c; sourceTree = "<group>"; };
		27FC1BFB17FB498300D3C6B5 /* mesh.h */ = {isa = PBXFileReference; fileEncoding = 4; lastKnownFileType = sourcecode.c.h; path = mesh.h; sourceTree = "<group>"; };
		27FC1BFC17FB498300D3C6B5 /* program.c */ = {isa = PBXFileReference; fileEncoding = 4; lastKnownFileType = sourcecode.c.c; path = program.c; sourceTree = "<group>"; };
		27FC1BFD17FB498300D3C6B5 /* program.h */ = {isa = PBXFileReference; fileEncoding = 4; lastKnownFileType = sourcecode.c.h; path = program.h; sourceTree = "<group>"; };
		27FC1BFE17FB498300D3C6B5 /* system.h */ = {isa = PBXFileReference; fileEncoding = 4; lastKnownFileType = sourcecode.c.h; path = system.h; sourceTree = "<group>"; };
		27FC1BFF17FB498300D3C6B5 /* timer.c */ = {isa = PBXFileReference; fileEncoding = 4; lastKnownFileType = sourcecode.c.c; path = timer.c; sourceTree = "<group>"; };
		27FC1C0017FB498300D3C6B5 /* timer.h */ = {isa = PBXFileReference; fileEncoding = 4; lastKnownFileType = sourcecode.c.h; path = timer.h; sourceTree = "<group>"; };
		27FC1C0117FB498300D3C6B5 /* vec_math.h */ = {isa = PBXFileReference; fileEncoding = 4; lastKnownFileType = sourcecode.c.h; path = vec_math.h; sourceTree = "<group>"; };
		27FC1C0217FB498300D3C6B5 /* vertex.h */ = {isa = PBXFileReference; fileEncoding = 4; lastKnownFileType = sourcecode.c.h; path = vertex.h; sourceTree = "<group>"; };
		27FC1C0A17FB4A1600D3C6B5 /* graphics.c */ = {isa = PBXFileReference; fileEncoding = 4; lastKnownFileType = sourcecode.c.c; path = graphics.c; sourceTree = "<group>"; };
		27FC1C0B17FB4A1600D3C6B5 /* graphics.h */ = {isa = PBXFileReference; fileEncoding = 4; lastKnownFileType = sourcecode.c.h; path = graphics.h; sourceTree = "<group>"; };
		27FC1C0E17FB4D8A00D3C6B5 /* stb_image.c */ = {isa = PBXFileReference; fileEncoding = 4; lastKnownFileType = sourcecode.c.c; path = stb_image.c; sourceTree = "<group>"; };
		27FC1C0F17FB4D8A00D3C6B5 /* stb_image.h */ = {isa = PBXFileReference; fileEncoding = 4; lastKnownFileType = sourcecode.c.h; path = stb_image.h; sourceTree = "<group>"; };
		27FC1C1117FB50F800D3C6B5 /* assets */ = {isa = PBXFileReference; lastKnownFileType = folder; name = assets; path = ../../assets; sourceTree = "<group>"; };
/* End PBXFileReference section */

/* Begin PBXFrameworksBuildPhase section */
		2797217E17FAA53B00EB40A8 /* Frameworks */ = {
			isa = PBXFrameworksBuildPhase;
			buildActionMask = 2147483647;
			files = (
				279721C917FAA71800EB40A8 /* OpenGLES.framework in Frameworks */,
				279721C717FAA71000EB40A8 /* GLKit.framework in Frameworks */,
				2797218717FAA53B00EB40A8 /* CoreGraphics.framework in Frameworks */,
				2797218917FAA53B00EB40A8 /* UIKit.framework in Frameworks */,
				2797218517FAA53B00EB40A8 /* Foundation.framework in Frameworks */,
			);
			runOnlyForDeploymentPostprocessing = 0;
		};
/* End PBXFrameworksBuildPhase section */

/* Begin PBXGroup section */
		2797217817FAA53B00EB40A8 = {
			isa = PBXGroup;
			children = (
				27FC1C1117FB50F800D3C6B5 /* assets */,
				27FC1C0D17FB4D8A00D3C6B5 /* external */,
				27FC1BEE17FB498300D3C6B5 /* src */,
				279721B317FAA58500EB40A8 /* project */,
				2797218317FAA53B00EB40A8 /* Frameworks */,
				2797218217FAA53B00EB40A8 /* Products */,
			);
			sourceTree = "<group>";
		};
		2797218217FAA53B00EB40A8 /* Products */ = {
			isa = PBXGroup;
			children = (
				2797218117FAA53B00EB40A8 /* deferred_gles.app */,
			);
			name = Products;
			sourceTree = "<group>";
		};
		2797218317FAA53B00EB40A8 /* Frameworks */ = {
			isa = PBXGroup;
			children = (
				279721C817FAA71800EB40A8 /* OpenGLES.framework */,
				279721C617FAA71000EB40A8 /* GLKit.framework */,
				2797218417FAA53B00EB40A8 /* Foundation.framework */,
				2797218617FAA53B00EB40A8 /* CoreGraphics.framework */,
				2797218817FAA53B00EB40A8 /* UIKit.framework */,
				2797219D17FAA53B00EB40A8 /* XCTest.framework */,
			);
			name = Frameworks;
			sourceTree = "<group>";
		};
		279721B317FAA58500EB40A8 /* project */ = {
			isa = PBXGroup;
			children = (
				279721C117FAA5AA00EB40A8 /* AppDelegate.h */,
				279721C217FAA5AA00EB40A8 /* AppDelegate.m */,
				279721C317FAA5AA00EB40A8 /* Images.xcassets */,
				279721B417FAA58F00EB40A8 /* Supporting Files */,
				279721CA17FAA79300EB40A8 /* OpenGLView.h */,
				279721CB17FAA79300EB40A8 /* OpenGLView.m */,
				27A3FC6117FBF24D000DAC71 /* iPhone.storyboard */,
			);
			name = project;
			sourceTree = "<group>";
		};
		279721B417FAA58F00EB40A8 /* Supporting Files */ = {
			isa = PBXGroup;
			children = (
				279721B517FAA59D00EB40A8 /* deferred_gles-Info.plist */,
				279721BA17FAA59D00EB40A8 /* en.lproj */,
				279721BD17FAA59D00EB40A8 /* main.m */,
			);
			name = "Supporting Files";
			sourceTree = "<group>";
		};
		279721BA17FAA59D00EB40A8 /* en.lproj */ = {
			isa = PBXGroup;
			children = (
				279721BB17FAA59D00EB40A8 /* InfoPlist.strings */,
			);
			path = en.lproj;
			sourceTree = "<group>";
		};
		27FC1BEE17FB498300D3C6B5 /* src */ = {
			isa = PBXGroup;
			children = (
				27FC1BF817FB498300D3C6B5 /* ios */,
				27FC1BF117FB498300D3C6B5 /* assert.h */,
				27FC1BF517FB498300D3C6B5 /* game.c */,
				27FC1BF617FB498300D3C6B5 /* game.h */,
				27FC1BF717FB498300D3C6B5 /* gl_include.h */,
				27FC1BFA17FB498300D3C6B5 /* mesh.c */,
				27FC1BFB17FB498300D3C6B5 /* mesh.h */,
				27FC1BFC17FB498300D3C6B5 /* program.c */,
				27FC1BFD17FB498300D3C6B5 /* program.h */,
				27FC1BFE17FB498300D3C6B5 /* system.h */,
				27FC1BFF17FB498300D3C6B5 /* timer.c */,
				27FC1C0017FB498300D3C6B5 /* timer.h */,
				27FC1C0117FB498300D3C6B5 /* vec_math.h */,
				27FC1C0217FB498300D3C6B5 /* vertex.h */,
				27FC1C0B17FB4A1600D3C6B5 /* graphics.h */,
				27FC1C0A17FB4A1600D3C6B5 /* graphics.c */,
				2743853C17FB5F97008D9C2C /* scene.cpp */,
				2743853D17FB5F97008D9C2C /* scene.h */,
				2743853F17FB6071008D9C2C /* utility.c */,
				2743854017FB6071008D9C2C /* utility.h */,
				27E51F9317FBB353002ECEFE /* texture.c */,
				27E51F9417FBB353002ECEFE /* texture.h */,
				2717053117FBBC76003977A4 /* forward.c */,
				2717053217FBBC76003977A4 /* forward.h */,
				2782A00017FC7DD20032058F /* light_prepass.c */,
				2782A00117FC7DD20032058F /* light_prepass.h */,
			);
			name = src;
			path = ../../src;
			sourceTree = "<group>";
		};
		27FC1BF817FB498300D3C6B5 /* ios */ = {
			isa = PBXGroup;
			children = (
				27FC1BF917FB498300D3C6B5 /* system_ios.m */,
			);
			path = ios;
			sourceTree = "<group>";
		};
		27FC1C0D17FB4D8A00D3C6B5 /* external */ = {
			isa = PBXGroup;
			children = (
				27FC1C0E17FB4D8A00D3C6B5 /* stb_image.c */,
				27FC1C0F17FB4D8A00D3C6B5 /* stb_image.h */,
			);
			name = external;
			path = ../../external;
			sourceTree = "<group>";
		};
/* End PBXGroup section */

/* Begin PBXNativeTarget section */
		2797218017FAA53B00EB40A8 /* deferred_gles */ = {
			isa = PBXNativeTarget;
			buildConfigurationList = 279721AD17FAA53B00EB40A8 /* Build configuration list for PBXNativeTarget "deferred_gles" */;
			buildPhases = (
				2797217D17FAA53B00EB40A8 /* Sources */,
				2797217E17FAA53B00EB40A8 /* Frameworks */,
				2797217F17FAA53B00EB40A8 /* Resources */,
			);
			buildRules = (
			);
			dependencies = (
			);
			name = deferred_gles;
			productName = deferred_gles;
			productReference = 2797218117FAA53B00EB40A8 /* deferred_gles.app */;
			productType = "com.apple.product-type.application";
		};
/* End PBXNativeTarget section */

/* Begin PBXProject section */
		2797217917FAA53B00EB40A8 /* Project object */ = {
			isa = PBXProject;
			attributes = {
				LastUpgradeCheck = 0500;
				ORGANIZATIONNAME = Intel;
			};
			buildConfigurationList = 2797217C17FAA53B00EB40A8 /* Build configuration list for PBXProject "deferred_gles" */;
			compatibilityVersion = "Xcode 3.2";
			developmentRegion = English;
			hasScannedForEncodings = 0;
			knownRegions = (
				en,
			);
			mainGroup = 2797217817FAA53B00EB40A8;
			productRefGroup = 2797218217FAA53B00EB40A8 /* Products */;
			projectDirPath = "";
			projectRoot = "";
			targets = (
				2797218017FAA53B00EB40A8 /* deferred_gles */,
			);
		};
/* End PBXProject section */

/* Begin PBXResourcesBuildPhase section */
		2797217F17FAA53B00EB40A8 /* Resources */ = {
			isa = PBXResourcesBuildPhase;
			buildActionMask = 2147483647;
			files = (
				27FC1C1217FB50F800D3C6B5 /* assets in Resources */,
				279721C517FAA5AA00EB40A8 /* Images.xcassets in Resources */,
				279721BF17FAA59D00EB40A8 /* InfoPlist.strings in Resources */,
				27A3FC6217FBF24D000DAC71 /* iPhone.storyboard in Resources */,
			);
			runOnlyForDeploymentPostprocessing = 0;
		};
/* End PBXResourcesBuildPhase section */

/* Begin PBXSourcesBuildPhase section */
		2797217D17FAA53B00EB40A8 /* Sources */ = {
			isa = PBXSourcesBuildPhase;
			buildActionMask = 2147483647;
			files = (
				27FC1C0C17FB4A1600D3C6B5 /* graphics.c in Sources */,
				27FC1C1017FB4D8A00D3C6B5 /* stb_image.c in Sources */,
				2743853E17FB5F97008D9C2C /* scene.cpp in Sources */,
				279721C417FAA5AA00EB40A8 /* AppDelegate.m in Sources */,
				279721CC17FAA79300EB40A8 /* OpenGLView.m in Sources */,
				2717053317FBBC76003977A4 /* forward.c in Sources */,
				27FC1C0517FB498300D3C6B5 /* game.c in Sources */,
				2743854117FB6071008D9C2C /* utility.c in Sources */,
				27FC1C0717FB498300D3C6B5 /* mesh.c in Sources */,
				27FC1C0817FB498300D3C6B5 /* program.c in Sources */,
				27E51F9517FBB353002ECEFE /* texture.c in Sources */,
				27FC1C0917FB498300D3C6B5 /* timer.c in Sources */,
				2782A00217FC7DD20032058F /* light_prepass.c in Sources */,
				27FC1C0617FB498300D3C6B5 /* system_ios.m in Sources */,
				279721C017FAA59D00EB40A8 /* main.m in Sources */,
			);
			runOnlyForDeploymentPostprocessing = 0;
		};
/* End PBXSourcesBuildPhase section */

/* Begin PBXVariantGroup section */
		279721BB17FAA59D00EB40A8 /* InfoPlist.strings */ = {
			isa = PBXVariantGroup;
			children = (
				279721BC17FAA59D00EB40A8 /* en */,
			);
			name = InfoPlist.strings;
			sourceTree = "<group>";
		};
/* End PBXVariantGroup section */

/* Begin XCBuildConfiguration section */
		279721AB17FAA53B00EB40A8 /* Debug */ = {
			isa = XCBuildConfiguration;
			buildSettings = {
				ALWAYS_SEARCH_USER_PATHS = NO;
				ARCHS = "$(ARCHS_STANDARD_INCLUDING_64_BIT)";
				CLANG_ANALYZER_SECURITY_INSECUREAPI_STRCPY = YES;
				CLANG_CXX_LANGUAGE_STANDARD = "gnu++98";
				CLANG_CXX_LIBRARY = "libc++";
				CLANG_ENABLE_MODULES = YES;
				CLANG_ENABLE_OBJC_ARC = YES;
				CLANG_WARN_BOOL_CONVERSION = YES;
				CLANG_WARN_CONSTANT_CONVERSION = YES;
				CLANG_WARN_CXX0X_EXTENSIONS = YES;
				CLANG_WARN_DIRECT_OBJC_ISA_USAGE = YES_ERROR;
				CLANG_WARN_DOCUMENTATION_COMMENTS = YES;
				CLANG_WARN_EMPTY_BODY = YES;
				CLANG_WARN_ENUM_CONVERSION = YES;
				CLANG_WARN_INT_CONVERSION = YES;
				CLANG_WARN_OBJC_ROOT_CLASS = YES_ERROR;
				CLANG_WARN_SUSPICIOUS_IMPLICIT_CONVERSION = YES;
				CLANG_WARN__DUPLICATE_METHOD_MATCH = YES;
				CLANG_WARN__EXIT_TIME_DESTRUCTORS = YES;
				"CODE_SIGN_IDENTITY[sdk=iphoneos*]" = "iPhone Developer";
				COPY_PHASE_STRIP = NO;
				GCC_C_LANGUAGE_STANDARD = gnu89;
				GCC_DYNAMIC_NO_PIC = NO;
				GCC_ENABLE_CPP_EXCEPTIONS = NO;
				GCC_ENABLE_CPP_RTTI = NO;
				GCC_OPTIMIZATION_LEVEL = 0;
				GCC_PREPROCESSOR_DEFINITIONS = (
					"DEBUG=1",
					"$(inherited)",
				);
				GCC_SYMBOLS_PRIVATE_EXTERN = NO;
				GCC_TREAT_WARNINGS_AS_ERRORS = YES;
				GCC_WARN_64_TO_32_BIT_CONVERSION = YES;
				GCC_WARN_ABOUT_MISSING_NEWLINE = YES;
				GCC_WARN_ABOUT_RETURN_TYPE = YES_ERROR;
				GCC_WARN_HIDDEN_VIRTUAL_FUNCTIONS = YES;
				GCC_WARN_NON_VIRTUAL_DESTRUCTOR = YES;
				GCC_WARN_PEDANTIC = YES;
				GCC_WARN_UNDECLARED_SELECTOR = YES;
				GCC_WARN_UNINITIALIZED_AUTOS = YES;
				GCC_WARN_UNUSED_FUNCTION = NO;
				GCC_WARN_UNUSED_VARIABLE = YES;
				IPHONEOS_DEPLOYMENT_TARGET = 7.0;
				OBJROOT = obj;
				ONLY_ACTIVE_ARCH = YES;
				RUN_CLANG_STATIC_ANALYZER = YES;
				SDKROOT = iphoneos;
				SYMROOT = bin;
				TARGETED_DEVICE_FAMILY = "1,2";
				USER_HEADER_SEARCH_PATHS = "../.. ../../src/**";
			};
			name = Debug;
		};
		279721AC17FAA53B00EB40A8 /* Release */ = {
			isa = XCBuildConfiguration;
			buildSettings = {
				ALWAYS_SEARCH_USER_PATHS = NO;
				ARCHS = "$(ARCHS_STANDARD_INCLUDING_64_BIT)";
				CLANG_ANALYZER_SECURITY_INSECUREAPI_STRCPY = YES;
				CLANG_CXX_LANGUAGE_STANDARD = "gnu++98";
				CLANG_CXX_LIBRARY = "libc++";
				CLANG_ENABLE_MODULES = YES;
				CLANG_ENABLE_OBJC_ARC = YES;
				CLANG_WARN_BOOL_CONVERSION = YES;
				CLANG_WARN_CONSTANT_CONVERSION = YES;
				CLANG_WARN_CXX0X_EXTENSIONS = YES;
				CLANG_WARN_DIRECT_OBJC_ISA_USAGE = YES_ERROR;
				CLANG_WARN_DOCUMENTATION_COMMENTS = YES;
				CLANG_WARN_EMPTY_BODY = YES;
				CLANG_WARN_ENUM_CONVERSION = YES;
				CLANG_WARN_INT_CONVERSION = YES;
				CLANG_WARN_OBJC_ROOT_CLASS = YES_ERROR;
				CLANG_WARN_SUSPICIOUS_IMPLICIT_CONVERSION = YES;
				CLANG_WARN__DUPLICATE_METHOD_MATCH = YES;
				CLANG_WARN__EXIT_TIME_DESTRUCTORS = YES;
				"CODE_SIGN_IDENTITY[sdk=iphoneos*]" = "iPhone Developer";
				COPY_PHASE_STRIP = YES;
				ENABLE_NS_ASSERTIONS = NO;
				GCC_C_LANGUAGE_STANDARD = gnu89;
				GCC_ENABLE_CPP_EXCEPTIONS = NO;
				GCC_ENABLE_CPP_RTTI = NO;
				GCC_TREAT_WARNINGS_AS_ERRORS = YES;
				GCC_WARN_64_TO_32_BIT_CONVERSION = YES;
				GCC_WARN_ABOUT_MISSING_NEWLINE = YES;
				GCC_WARN_ABOUT_RETURN_TYPE = YES_ERROR;
				GCC_WARN_HIDDEN_VIRTUAL_FUNCTIONS = YES;
				GCC_WARN_NON_VIRTUAL_DESTRUCTOR = YES;
				GCC_WARN_PEDANTIC = YES;
				GCC_WARN_UNDECLARED_SELECTOR = YES;
				GCC_WARN_UNINITIALIZED_AUTOS = YES;
				GCC_WARN_UNUSED_FUNCTION = NO;
				GCC_WARN_UNUSED_VARIABLE = YES;
				IPHONEOS_DEPLOYMENT_TARGET = 7.0;
				OBJROOT = obj;
				RUN_CLANG_STATIC_ANALYZER = YES;
				SDKROOT = iphoneos;
				SYMROOT = bin;
				TARGETED_DEVICE_FAMILY = "1,2";
				USER_HEADER_SEARCH_PATHS = "../.. ../../src/**";
				VALIDATE_PRODUCT = YES;
			};
			name = Release;
		};
		279721AE17FAA53B00EB40A8 /* Debug */ = {
			isa = XCBuildConfiguration;
			buildSettings = {
				ASSETCATALOG_COMPILER_APPICON_NAME = AppIcon;
				ASSETCATALOG_COMPILER_LAUNCHIMAGE_NAME = LaunchImage;
				CLANG_CXX_LANGUAGE_STANDARD = "c++98";
				GCC_ENABLE_CPP_EXCEPTIONS = NO;
				GCC_ENABLE_CPP_RTTI = NO;
				GCC_PRECOMPILE_PREFIX_HEADER = NO;
				GCC_PREFIX_HEADER = "";
				GCC_TREAT_WARNINGS_AS_ERRORS = YES;
				GCC_WARN_PEDANTIC = YES;
				INFOPLIST_FILE = "$(SRCROOT)/deferred_gles-Info.plist";
				PRODUCT_NAME = "$(TARGET_NAME)";
				WRAPPER_EXTENSION = app;
			};
			name = Debug;
		};
		279721AF17FAA53B00EB40A8 /* Release */ = {
			isa = XCBuildConfiguration;
			buildSettings = {
				ASSETCATALOG_COMPILER_APPICON_NAME = AppIcon;
				ASSETCATALOG_COMPILER_LAUNCHIMAGE_NAME = LaunchImage;
				CLANG_CXX_LANGUAGE_STANDARD = "c++98";
				GCC_ENABLE_CPP_EXCEPTIONS = NO;
				GCC_ENABLE_CPP_RTTI = NO;
				GCC_PRECOMPILE_PREFIX_HEADER = NO;
				GCC_PREFIX_HEADER = "";
				GCC_TREAT_WARNINGS_AS_ERRORS = YES;
				GCC_WARN_PEDANTIC = YES;
				INFOPLIST_FILE = "$(SRCROOT)/deferred_gles-Info.plist";
				PRODUCT_NAME = "$(TARGET_NAME)";
				WRAPPER_EXTENSION = app;
			};
			name = Release;
		};
/* End XCBuildConfiguration section */

/* Begin XCConfigurationList section */
		2797217C17FAA53B00EB40A8 /* Build configuration list for PBXProject "deferred_gles" */ = {
			isa = XCConfigurationList;
			buildConfigurations = (
				279721AB17FAA53B00EB40A8 /* Debug */,
				279721AC17FAA53B00EB40A8 /* Release */,
			);
			defaultConfigurationIsVisible = 0;
			defaultConfigurationName = Release;
		};
		279721AD17FAA53B00EB40A8 /* Build configuration list for PBXNativeTarget "deferred_gles" */ = {
			isa = XCConfigurationList;
			buildConfigurations = (
				279721AE17FAA53B00EB40A8 /* Debug */,
				279721AF17FAA53B00EB40A8 /* Release */,
			);
			defaultConfigurationIsVisible = 0;
			defaultConfigurationName = Release;
		};
/* End XCConfigurationList section */
	};
	rootObject = 2797217917FAA53B00EB40A8 /* Project object */;
}
